
Microsoft Visual Studio Solution File, Format Version 12.00
# Visual Studio Version 16
VisualStudioVersion = 16.0.30114.105
MinimumVisualStudioVersion = 10.0.40219.1
Project("{2150E333-8FDC-42A3-9474-1A3956D46DE8}") = "src", "src", "{692C7C43-7FC3-4E35-8C89-4091F1CED2C9}"
EndProject
Project("{FAE04EC0-301F-11D3-BF4B-00C04F79EFBC}") = "DotNet.Mono.Profiler.Android", "src\DotNet.Mono.Profiler.Android\DotNet.Mono.Profiler.Android.csproj", "{BAF919D6-D47F-427D-837C-68304B12DF75}"
EndProject
Global
	GlobalSection(SolutionConfigurationPlatforms) = preSolution
		Debug|Any CPU = Debug|Any CPU
		Release|Any CPU = Release|Any CPU
	EndGlobalSection
	GlobalSection(SolutionProperties) = preSolution
		HideSolutionNode = FALSE
	EndGlobalSection
	GlobalSection(ProjectConfigurationPlatforms) = postSolution
		{BAF919D6-D47F-427D-837C-68304B12DF75}.Debug|Any CPU.ActiveCfg = Debug|Any CPU
		{BAF919D6-D47F-427D-837C-68304B12DF75}.Debug|Any CPU.Build.0 = Debug|Any CPU
		{BAF919D6-D47F-427D-837C-68304B12DF75}.Release|Any CPU.ActiveCfg = Release|Any CPU
		{BAF919D6-D47F-427D-837C-68304B12DF75}.Release|Any CPU.Build.0 = Release|Any CPU
	EndGlobalSection
	GlobalSection(NestedProjects) = preSolution
		{BAF919D6-D47F-427D-837C-68304B12DF75} = {692C7C43-7FC3-4E35-8C89-4091F1CED2C9}
	EndGlobalSection
EndGlobal
